
Microsoft Visual Studio Solution File, Format Version 12.00
# Visual Studio Version 16
VisualStudioVersion = 16.0.30114.105
MinimumVisualStudioVersion = 10.0.40219.1
Project("{FAE04EC0-301F-11D3-BF4B-00C04F79EFBC}") = "tdddemoapptests", "tdddemoapptests\tdddemoapptests.csproj", "{F65A683C-2F6C-4AE0-9F25-416136EEA726}"
EndProject
Project("{FAE04EC0-301F-11D3-BF4B-00C04F79EFBC}") = "tdddemoapp", "tdddemoapp\tdddemoapp.csproj", "{F454AE19-3322-41E3-86D4-7518FD973DFF}"
EndProject
Global
	GlobalSection(SolutionConfigurationPlatforms) = preSolution
		Debug|Any CPU = Debug|Any CPU
		Debug|x64 = Debug|x64
		Debug|x86 = Debug|x86
		Release|Any CPU = Release|Any CPU
		Release|x64 = Release|x64
		Release|x86 = Release|x86
	EndGlobalSection
	GlobalSection(SolutionProperties) = preSolution
		HideSolutionNode = FALSE
	EndGlobalSection
	GlobalSection(ProjectConfigurationPlatforms) = postSolution
		{F65A683C-2F6C-4AE0-9F25-416136EEA726}.Debug|Any CPU.ActiveCfg = Debug|Any CPU
		{F65A683C-2F6C-4AE0-9F25-416136EEA726}.Debug|Any CPU.Build.0 = Debug|Any CPU
		{F65A683C-2F6C-4AE0-9F25-416136EEA726}.Debug|x64.ActiveCfg = Debug|Any CPU
		{F65A683C-2F6C-4AE0-9F25-416136EEA726}.Debug|x64.Build.0 = Debug|Any CPU
		{F65A683C-2F6C-4AE0-9F25-416136EEA726}.Debug|x86.ActiveCfg = Debug|Any CPU
		{F65A683C-2F6C-4AE0-9F25-416136EEA726}.Debug|x86.Build.0 = Debug|Any CPU
		{F65A683C-2F6C-4AE0-9F25-416136EEA726}.Release|Any CPU.ActiveCfg = Release|Any CPU
		{F65A683C-2F6C-4AE0-9F25-416136EEA726}.Release|Any CPU.Build.0 = Release|Any CPU
		{F65A683C-2F6C-4AE0-9F25-416136EEA726}.Release|x64.ActiveCfg = Release|Any CPU
		{F65A683C-2F6C-4AE0-9F25-416136EEA726}.Release|x64.Build.0 = Release|Any CPU
		{F65A683C-2F6C-4AE0-9F25-416136EEA726}.Release|x86.ActiveCfg = Release|Any CPU
		{F65A683C-2F6C-4AE0-9F25-416136EEA726}.Release|x86.Build.0 = Release|Any CPU
		{F454AE19-3322-41E3-86D4-7518FD973DFF}.Debug|Any CPU.ActiveCfg = Debug|Any CPU
		{F454AE19-3322-41E3-86D4-7518FD973DFF}.Debug|Any CPU.Build.0 = Debug|Any CPU
		{F454AE19-3322-41E3-86D4-7518FD973DFF}.Debug|x64.ActiveCfg = Debug|Any CPU
		{F454AE19-3322-41E3-86D4-7518FD973DFF}.Debug|x64.Build.0 = Debug|Any CPU
		{F454AE19-3322-41E3-86D4-7518FD973DFF}.Debug|x86.ActiveCfg = Debug|Any CPU
		{F454AE19-3322-41E3-86D4-7518FD973DFF}.Debug|x86.Build.0 = Debug|Any CPU
		{F454AE19-3322-41E3-86D4-7518FD973DFF}.Release|Any CPU.ActiveCfg = Release|Any CPU
		{F454AE19-3322-41E3-86D4-7518FD973DFF}.Release|Any CPU.Build.0 = Release|Any CPU
		{F454AE19-3322-41E3-86D4-7518FD973DFF}.Release|x64.ActiveCfg = Release|Any CPU
		{F454AE19-3322-41E3-86D4-7518FD973DFF}.Release|x64.Build.0 = Release|Any CPU
		{F454AE19-3322-41E3-86D4-7518FD973DFF}.Release|x86.ActiveCfg = Release|Any CPU
		{F454AE19-3322-41E3-86D4-7518FD973DFF}.Release|x86.Build.0 = Release|Any CPU
	EndGlobalSection
EndGlobal
